
Microsoft Visual Studio Solution File, Format Version 12.00
# Visual Studio 15
VisualStudioVersion = 15.0.27004.2002
MinimumVisualStudioVersion = 10.0.40219.1
Project("{FAE04EC0-301F-11D3-BF4B-00C04F79EFBC}") = "MemuTiler", "MemuTiler\MemuTiler.csproj", "{4E49D675-FFED-46AE-B5E9-D2BCA5F4BBD8}"
EndProject
Project("{FAE04EC0-301F-11D3-BF4B-00C04F79EFBC}") = "MemuTilerDTO", "MemuTilerDTO\MemuTilerDTO.csproj", "{B593F5C6-77BE-4C73-A23F-1D7187385AF0}"
EndProject
Global
	GlobalSection(SolutionConfigurationPlatforms) = preSolution
		Debug|Any CPU = Debug|Any CPU
		Release|Any CPU = Release|Any CPU
	EndGlobalSection
	GlobalSection(ProjectConfigurationPlatforms) = postSolution
		{4E49D675-FFED-46AE-B5E9-D2BCA5F4BBD8}.Debug|Any CPU.ActiveCfg = Debug|Any CPU
		{4E49D675-FFED-46AE-B5E9-D2BCA5F4BBD8}.Debug|Any CPU.Build.0 = Debug|Any CPU
		{4E49D675-FFED-46AE-B5E9-D2BCA5F4BBD8}.Release|Any CPU.ActiveCfg = Release|Any CPU
		{4E49D675-FFED-46AE-B5E9-D2BCA5F4BBD8}.Release|Any CPU.Build.0 = Release|Any CPU
		{B593F5C6-77BE-4C73-A23F-1D7187385AF0}.Debug|Any CPU.ActiveCfg = Debug|Any CPU
		{B593F5C6-77BE-4C73-A23F-1D7187385AF0}.Debug|Any CPU.Build.0 = Debug|Any CPU
		{B593F5C6-77BE-4C73-A23F-1D7187385AF0}.Release|Any CPU.ActiveCfg = Release|Any CPU
		{B593F5C6-77BE-4C73-A23F-1D7187385AF0}.Release|Any CPU.Build.0 = Release|Any CPU
	EndGlobalSection
	GlobalSection(SolutionProperties) = preSolution
		HideSolutionNode = FALSE
	EndGlobalSection
	GlobalSection(ExtensibilityGlobals) = postSolution
		SolutionGuid = {59973316-B5B1-44AA-AB42-BCFB87CC1154}
	EndGlobalSection
EndGlobal
